
Microsoft Visual Studio Solution File, Format Version 12.00
# Visual Studio Version 16
VisualStudioVersion = 16.0.31205.134
MinimumVisualStudioVersion = 10.0.40219.1
Project("{FAE04EC0-301F-11D3-BF4B-00C04F79EFBC}") = "WPF-AUT", "WPF-AUT\WPF-AUT.csproj", "{26AC2D39-7A53-48A2-8558-345E2D79C576}"
EndProject
Global
	GlobalSection(SolutionConfigurationPlatforms) = preSolution
		Debug|Any CPU = Debug|Any CPU
		Release|Any CPU = Release|Any CPU
	EndGlobalSection
	GlobalSection(ProjectConfigurationPlatforms) = postSolution
		{26AC2D39-7A53-48A2-8558-345E2D79C576}.Debug|Any CPU.ActiveCfg = Debug|Any CPU
		{26AC2D39-7A53-48A2-8558-345E2D79C576}.Debug|Any CPU.Build.0 = Debug|Any CPU
		{26AC2D39-7A53-48A2-8558-345E2D79C576}.Release|Any CPU.ActiveCfg = Release|Any CPU
		{26AC2D39-7A53-48A2-8558-345E2D79C576}.Release|Any CPU.Build.0 = Release|Any CPU
	EndGlobalSection
	GlobalSection(SolutionProperties) = preSolution
		HideSolutionNode = FALSE
	EndGlobalSection
	GlobalSection(ExtensibilityGlobals) = postSolution
		SolutionGuid = {076768CA-4816-4AB0-9745-41922618B986}
	EndGlobalSection
EndGlobal
